// !$*UTF8*$!
{
	archiveVersion = 1;
	classes = {
	};
	objectVersion = 46;
	objects = {

/* Begin PBXBuildFile section */
		BD3F3D941D35D93200532E55 /* Spotify.swift in Sources */ = {isa = PBXBuildFile; fileRef = BD3F3D931D35D93200532E55 /* Spotify.swift */; };
		BD3F3D961D35DA8800532E55 /* Spotify.framework in Frameworks */ = {isa = PBXBuildFile; fileRef = BD3F3D951D35DA8800532E55 /* Spotify.framework */; };
		BD762DBF1D33E9AD00411A2F /* Keys.plist in Resources */ = {isa = PBXBuildFile; fileRef = BD762DBE1D33E9AD00411A2F /* Keys.plist */; };
		BDEC2C4B1D2BF9D500043033 /* AppDelegate.swift in Sources */ = {isa = PBXBuildFile; fileRef = BDEC2C4A1D2BF9D500043033 /* AppDelegate.swift */; };
		BDEC2C4D1D2BF9D600043033 /* ViewController.swift in Sources */ = {isa = PBXBuildFile; fileRef = BDEC2C4C1D2BF9D600043033 /* ViewController.swift */; };
		BDEC2C501D2BF9D600043033 /* Main.storyboard in Resources */ = {isa = PBXBuildFile; fileRef = BDEC2C4E1D2BF9D600043033 /* Main.storyboard */; };
		BDEC2C521D2BF9D600043033 /* Assets.xcassets in Resources */ = {isa = PBXBuildFile; fileRef = BDEC2C511D2BF9D600043033 /* Assets.xcassets */; };
		BDEC2C551D2BF9D600043033 /* LaunchScreen.storyboard in Resources */ = {isa = PBXBuildFile; fileRef = BDEC2C531D2BF9D600043033 /* LaunchScreen.storyboard */; };
		E988EB40E2F984262674B0EF /* Pods_MoodAlarmS.framework in Frameworks */ = {isa = PBXBuildFile; fileRef = 3068A31F74ADEF8A9DA75033 /* Pods_MoodAlarmS.framework */; };
/* End PBXBuildFile section */

/* Begin PBXFileReference section */
		3068A31F74ADEF8A9DA75033 /* Pods_MoodAlarmS.framework */ = {isa = PBXFileReference; explicitFileType = wrapper.framework; includeInIndex = 0; path = Pods_MoodAlarmS.framework; sourceTree = BUILT_PRODUCTS_DIR; };
		7034CC1DF09E8B2410B2E458 /* Pods-MoodAlarmS.release.xcconfig */ = {isa = PBXFileReference; includeInIndex = 1; lastKnownFileType = text.xcconfig; name = "Pods-MoodAlarmS.release.xcconfig"; path = "Pods/Target Support Files/Pods-MoodAlarmS/Pods-MoodAlarmS.release.xcconfig"; sourceTree = "<group>"; };
		88198EE6D9197513267D00D3 /* Pods-MoodAlarmS.debug.xcconfig */ = {isa = PBXFileReference; includeInIndex = 1; lastKnownFileType = text.xcconfig; name = "Pods-MoodAlarmS.debug.xcconfig"; path = "Pods/Target Support Files/Pods-MoodAlarmS/Pods-MoodAlarmS.debug.xcconfig"; sourceTree = "<group>"; };
		BD3F3D931D35D93200532E55 /* Spotify.swift */ = {isa = PBXFileReference; fileEncoding = 4; lastKnownFileType = sourcecode.swift; path = Spotify.swift; sourceTree = "<group>"; };
		BD3F3D951D35DA8800532E55 /* Spotify.framework */ = {isa = PBXFileReference; lastKnownFileType = wrapper.framework; path = Spotify.framework; sourceTree = "<group>"; };
		BD3F3D971D35DAA400532E55 /* MoodAlarmS-Bridging-Header.h */ = {isa = PBXFileReference; lastKnownFileType = sourcecode.c.h; path = "MoodAlarmS-Bridging-Header.h"; sourceTree = "<group>"; };
		BD762DBE1D33E9AD00411A2F /* Keys.plist */ = {isa = PBXFileReference; fileEncoding = 4; lastKnownFileType = text.plist.xml; name = Keys.plist; path = ../Keys.plist; sourceTree = "<group>"; };
		BDEC2C471D2BF9D500043033 /* MoodAlarmS.app */ = {isa = PBXFileReference; explicitFileType = wrapper.application; includeInIndex = 0; path = MoodAlarmS.app; sourceTree = BUILT_PRODUCTS_DIR; };
		BDEC2C4A1D2BF9D500043033 /* AppDelegate.swift */ = {isa = PBXFileReference; lastKnownFileType = sourcecode.swift; path = AppDelegate.swift; sourceTree = "<group>"; };
		BDEC2C4C1D2BF9D600043033 /* ViewController.swift */ = {isa = PBXFileReference; lastKnownFileType = sourcecode.swift; path = ViewController.swift; sourceTree = "<group>"; };
		BDEC2C4F1D2BF9D600043033 /* Base */ = {isa = PBXFileReference; lastKnownFileType = file.storyboard; name = Base; path = Base.lproj/Main.storyboard; sourceTree = "<group>"; };
		BDEC2C511D2BF9D600043033 /* Assets.xcassets */ = {isa = PBXFileReference; lastKnownFileType = folder.assetcatalog; path = Assets.xcassets; sourceTree = "<group>"; };
		BDEC2C541D2BF9D600043033 /* Base */ = {isa = PBXFileReference; lastKnownFileType = file.storyboard; name = Base; path = Base.lproj/LaunchScreen.storyboard; sourceTree = "<group>"; };
		BDEC2C561D2BF9D600043033 /* Info.plist */ = {isa = PBXFileReference; lastKnownFileType = text.plist.xml; path = Info.plist; sourceTree = "<group>"; };
/* End PBXFileReference section */

/* Begin PBXFrameworksBuildPhase section */
		BDEC2C441D2BF9D500043033 /* Frameworks */ = {
			isa = PBXFrameworksBuildPhase;
			buildActionMask = 2147483647;
			files = (
				E988EB40E2F984262674B0EF /* Pods_MoodAlarmS.framework in Frameworks */,
				BD3F3D961D35DA8800532E55 /* Spotify.framework in Frameworks */,
			);
			runOnlyForDeploymentPostprocessing = 0;
		};
/* End PBXFrameworksBuildPhase section */

/* Begin PBXGroup section */
		2E56B7B161D63C5A65867C8E /* Frameworks */ = {
			isa = PBXGroup;
			children = (
				BD3F3D951D35DA8800532E55 /* Spotify.framework */,
				3068A31F74ADEF8A9DA75033 /* Pods_MoodAlarmS.framework */,
			);
			name = Frameworks;
			sourceTree = "<group>";
		};
		87C7A7C5B1A67C481DEFF7A0 /* Pods */ = {
			isa = PBXGroup;
			children = (
				88198EE6D9197513267D00D3 /* Pods-MoodAlarmS.debug.xcconfig */,
				7034CC1DF09E8B2410B2E458 /* Pods-MoodAlarmS.release.xcconfig */,
			);
			name = Pods;
			sourceTree = "<group>";
		};
		BD3F3D9B1D35E2F300532E55 /* Supporting Files */ = {
			isa = PBXGroup;
			children = (
				BDEC2C561D2BF9D600043033 /* Info.plist */,
				BD762DBE1D33E9AD00411A2F /* Keys.plist */,
				BD3F3D971D35DAA400532E55 /* MoodAlarmS-Bridging-Header.h */,
			);
			name = "Supporting Files";
			sourceTree = "<group>";
		};
		BD86EABC1D33135600E470CA /* Model */ = {
			isa = PBXGroup;
			children = (
				BD3F3D931D35D93200532E55 /* Spotify.swift */,
			);
			name = Model;
			sourceTree = "<group>";
		};
		BD86EABD1D33135C00E470CA /* View */ = {
			isa = PBXGroup;
			children = (
				BDEC2C511D2BF9D600043033 /* Assets.xcassets */,
				BDEC2C4E1D2BF9D600043033 /* Main.storyboard */,
				BDEC2C531D2BF9D600043033 /* LaunchScreen.storyboard */,
			);
			name = View;
			sourceTree = "<group>";
		};
		BD86EABE1D33136200E470CA /* Controller */ = {
			isa = PBXGroup;
			children = (
				BDEC2C4C1D2BF9D600043033 /* ViewController.swift */,
			);
			name = Controller;
			sourceTree = "<group>";
		};
		BDEC2C3E1D2BF9D500043033 = {
			isa = PBXGroup;
			children = (
				BDEC2C491D2BF9D500043033 /* MoodAlarmS */,
				BDEC2C481D2BF9D500043033 /* Products */,
				87C7A7C5B1A67C481DEFF7A0 /* Pods */,
				2E56B7B161D63C5A65867C8E /* Frameworks */,
			);
			sourceTree = "<group>";
		};
		BDEC2C481D2BF9D500043033 /* Products */ = {
			isa = PBXGroup;
			children = (
				BDEC2C471D2BF9D500043033 /* MoodAlarmS.app */,
			);
			name = Products;
			sourceTree = "<group>";
		};
		BDEC2C491D2BF9D500043033 /* MoodAlarmS */ = {
			isa = PBXGroup;
			children = (
				BDEC2C4A1D2BF9D500043033 /* AppDelegate.swift */,
				BD86EABC1D33135600E470CA /* Model */,
				BD86EABD1D33135C00E470CA /* View */,
				BD86EABE1D33136200E470CA /* Controller */,
				BD3F3D9B1D35E2F300532E55 /* Supporting Files */,
			);
			path = MoodAlarmS;
			sourceTree = "<group>";
		};
/* End PBXGroup section */

/* Begin PBXNativeTarget section */
		BDEC2C461D2BF9D500043033 /* MoodAlarmS */ = {
			isa = PBXNativeTarget;
			buildConfigurationList = BDEC2C591D2BF9D600043033 /* Build configuration list for PBXNativeTarget "MoodAlarmS" */;
			buildPhases = (
				07755646D6962C91B2D8C5A1 /* Check Pods Manifest.lock */,
				BDEC2C431D2BF9D500043033 /* Sources */,
				BDEC2C441D2BF9D500043033 /* Frameworks */,
				BDEC2C451D2BF9D500043033 /* Resources */,
				0B2FB4FB7F83A744FCF8FE54 /* Embed Pods Frameworks */,
				E69C907B508667B9325671E5 /* Copy Pods Resources */,
			);
			buildRules = (
			);
			dependencies = (
			);
			name = MoodAlarmS;
			productName = MoodAlarmS;
			productReference = BDEC2C471D2BF9D500043033 /* MoodAlarmS.app */;
			productType = "com.apple.product-type.application";
		};
/* End PBXNativeTarget section */

/* Begin PBXProject section */
		BDEC2C3F1D2BF9D500043033 /* Project object */ = {
			isa = PBXProject;
			attributes = {
				LastSwiftUpdateCheck = 0730;
				LastUpgradeCheck = 0730;
				ORGANIZATIONNAME = "Angelica Bato";
				TargetAttributes = {
					BDEC2C461D2BF9D500043033 = {
						CreatedOnToolsVersion = 7.3.1;
					};
				};
			};
			buildConfigurationList = BDEC2C421D2BF9D500043033 /* Build configuration list for PBXProject "MoodAlarmS" */;
			compatibilityVersion = "Xcode 3.2";
			developmentRegion = English;
			hasScannedForEncodings = 0;
			knownRegions = (
				en,
				Base,
			);
			mainGroup = BDEC2C3E1D2BF9D500043033;
			productRefGroup = BDEC2C481D2BF9D500043033 /* Products */;
			projectDirPath = "";
			projectRoot = "";
			targets = (
				BDEC2C461D2BF9D500043033 /* MoodAlarmS */,
			);
		};
/* End PBXProject section */

/* Begin PBXResourcesBuildPhase section */
		BDEC2C451D2BF9D500043033 /* Resources */ = {
			isa = PBXResourcesBuildPhase;
			buildActionMask = 2147483647;
			files = (
				BD762DBF1D33E9AD00411A2F /* Keys.plist in Resources */,
				BDEC2C551D2BF9D600043033 /* LaunchScreen.storyboard in Resources */,
				BDEC2C521D2BF9D600043033 /* Assets.xcassets in Resources */,
				BDEC2C501D2BF9D600043033 /* Main.storyboard in Resources */,
			);
			runOnlyForDeploymentPostprocessing = 0;
		};
/* End PBXResourcesBuildPhase section */

/* Begin PBXShellScriptBuildPhase section */
		07755646D6962C91B2D8C5A1 /* Check Pods Manifest.lock */ = {
			isa = PBXShellScriptBuildPhase;
			buildActionMask = 2147483647;
			files = (
			);
			inputPaths = (
			);
			name = "Check Pods Manifest.lock";
			outputPaths = (
			);
			runOnlyForDeploymentPostprocessing = 0;
			shellPath = /bin/sh;
			shellScript = "diff \"${PODS_ROOT}/../Podfile.lock\" \"${PODS_ROOT}/Manifest.lock\" > /dev/null\nif [[ $? != 0 ]] ; then\n    cat << EOM\nerror: The sandbox is not in sync with the Podfile.lock. Run 'pod install' or update your CocoaPods installation.\nEOM\n    exit 1\nfi\n";
			showEnvVarsInLog = 0;
		};
		0B2FB4FB7F83A744FCF8FE54 /* Embed Pods Frameworks */ = {
			isa = PBXShellScriptBuildPhase;
			buildActionMask = 2147483647;
			files = (
			);
			inputPaths = (
			);
			name = "Embed Pods Frameworks";
			outputPaths = (
			);
			runOnlyForDeploymentPostprocessing = 0;
			shellPath = /bin/sh;
			shellScript = "\"${SRCROOT}/Pods/Target Support Files/Pods-MoodAlarmS/Pods-MoodAlarmS-frameworks.sh\"\n";
			showEnvVarsInLog = 0;
		};
		E69C907B508667B9325671E5 /* Copy Pods Resources */ = {
			isa = PBXShellScriptBuildPhase;
			buildActionMask = 2147483647;
			files = (
			);
			inputPaths = (
			);
			name = "Copy Pods Resources";
			outputPaths = (
			);
			runOnlyForDeploymentPostprocessing = 0;
			shellPath = /bin/sh;
			shellScript = "\"${SRCROOT}/Pods/Target Support Files/Pods-MoodAlarmS/Pods-MoodAlarmS-resources.sh\"\n";
			showEnvVarsInLog = 0;
		};
/* End PBXShellScriptBuildPhase section */

/* Begin PBXSourcesBuildPhase section */
		BDEC2C431D2BF9D500043033 /* Sources */ = {
			isa = PBXSourcesBuildPhase;
			buildActionMask = 2147483647;
			files = (
				BD3F3D941D35D93200532E55 /* Spotify.swift in Sources */,
				BDEC2C4D1D2BF9D600043033 /* ViewController.swift in Sources */,
				BDEC2C4B1D2BF9D500043033 /* AppDelegate.swift in Sources */,
			);
			runOnlyForDeploymentPostprocessing = 0;
		};
/* End PBXSourcesBuildPhase section */

/* Begin PBXVariantGroup section */
		BDEC2C4E1D2BF9D600043033 /* Main.storyboard */ = {
			isa = PBXVariantGroup;
			children = (
				BDEC2C4F1D2BF9D600043033 /* Base */,
			);
			name = Main.storyboard;
			sourceTree = "<group>";
		};
		BDEC2C531D2BF9D600043033 /* LaunchScreen.storyboard */ = {
			isa = PBXVariantGroup;
			children = (
				BDEC2C541D2BF9D600043033 /* Base */,
			);
			name = LaunchScreen.storyboard;
			sourceTree = "<group>";
		};
/* End PBXVariantGroup section */

/* Begin XCBuildConfiguration section */
		BDEC2C571D2BF9D600043033 /* Debug */ = {
			isa = XCBuildConfiguration;
			buildSettings = {
				ALWAYS_SEARCH_USER_PATHS = NO;
				CLANG_ANALYZER_NONNULL = YES;
				CLANG_CXX_LANGUAGE_STANDARD = "gnu++0x";
				CLANG_CXX_LIBRARY = "libc++";
				CLANG_ENABLE_MODULES = YES;
				CLANG_ENABLE_OBJC_ARC = YES;
				CLANG_WARN_BOOL_CONVERSION = YES;
				CLANG_WARN_CONSTANT_CONVERSION = YES;
				CLANG_WARN_DIRECT_OBJC_ISA_USAGE = YES_ERROR;
				CLANG_WARN_EMPTY_BODY = YES;
				CLANG_WARN_ENUM_CONVERSION = YES;
				CLANG_WARN_INT_CONVERSION = YES;
				CLANG_WARN_OBJC_ROOT_CLASS = YES_ERROR;
				CLANG_WARN_UNREACHABLE_CODE = YES;
				CLANG_WARN__DUPLICATE_METHOD_MATCH = YES;
				"CODE_SIGN_IDENTITY[sdk=iphoneos*]" = "iPhone Developer";
				COPY_PHASE_STRIP = NO;
				DEBUG_INFORMATION_FORMAT = dwarf;
				ENABLE_STRICT_OBJC_MSGSEND = YES;
				ENABLE_TESTABILITY = YES;
				GCC_C_LANGUAGE_STANDARD = gnu99;
				GCC_DYNAMIC_NO_PIC = NO;
				GCC_NO_COMMON_BLOCKS = YES;
				GCC_OPTIMIZATION_LEVEL = 0;
				GCC_PREPROCESSOR_DEFINITIONS = (
					"DEBUG=1",
					"$(inherited)",
				);
				GCC_WARN_64_TO_32_BIT_CONVERSION = YES;
				GCC_WARN_ABOUT_RETURN_TYPE = YES_ERROR;
				GCC_WARN_UNDECLARED_SELECTOR = YES;
				GCC_WARN_UNINITIALIZED_AUTOS = YES_AGGRESSIVE;
				GCC_WARN_UNUSED_FUNCTION = YES;
				GCC_WARN_UNUSED_VARIABLE = YES;
				IPHONEOS_DEPLOYMENT_TARGET = 9.3;
				MTL_ENABLE_DEBUG_INFO = YES;
				ONLY_ACTIVE_ARCH = YES;
				SDKROOT = iphoneos;
				SWIFT_OPTIMIZATION_LEVEL = "-Onone";
			};
			name = Debug;
		};
		BDEC2C581D2BF9D600043033 /* Release */ = {
			isa = XCBuildConfiguration;
			buildSettings = {
				ALWAYS_SEARCH_USER_PATHS = NO;
				CLANG_ANALYZER_NONNULL = YES;
				CLANG_CXX_LANGUAGE_STANDARD = "gnu++0x";
				CLANG_CXX_LIBRARY = "libc++";
				CLANG_ENABLE_MODULES = YES;
				CLANG_ENABLE_OBJC_ARC = YES;
				CLANG_WARN_BOOL_CONVERSION = YES;
				CLANG_WARN_CONSTANT_CONVERSION = YES;
				CLANG_WARN_DIRECT_OBJC_ISA_USAGE = YES_ERROR;
				CLANG_WARN_EMPTY_BODY = YES;
				CLANG_WARN_ENUM_CONVERSION = YES;
				CLANG_WARN_INT_CONVERSION = YES;
				CLANG_WARN_OBJC_ROOT_CLASS = YES_ERROR;
				CLANG_WARN_UNREACHABLE_CODE = YES;
				CLANG_WARN__DUPLICATE_METHOD_MATCH = YES;
				"CODE_SIGN_IDENTITY[sdk=iphoneos*]" = "iPhone Developer";
				COPY_PHASE_STRIP = NO;
				DEBUG_INFORMATION_FORMAT = "dwarf-with-dsym";
				ENABLE_NS_ASSERTIONS = NO;
				ENABLE_STRICT_OBJC_MSGSEND = YES;
				GCC_C_LANGUAGE_STANDARD = gnu99;
				GCC_NO_COMMON_BLOCKS = YES;
				GCC_WARN_64_TO_32_BIT_CONVERSION = YES;
				GCC_WARN_ABOUT_RETURN_TYPE = YES_ERROR;
				GCC_WARN_UNDECLARED_SELECTOR = YES;
				GCC_WARN_UNINITIALIZED_AUTOS = YES_AGGRESSIVE;
				GCC_WARN_UNUSED_FUNCTION = YES;
				GCC_WARN_UNUSED_VARIABLE = YES;
				IPHONEOS_DEPLOYMENT_TARGET = 9.3;
				MTL_ENABLE_DEBUG_INFO = NO;
				SDKROOT = iphoneos;
				VALIDATE_PRODUCT = YES;
			};
			name = Release;
		};
		BDEC2C5A1D2BF9D600043033 /* Debug */ = {
			isa = XCBuildConfiguration;
			baseConfigurationReference = 88198EE6D9197513267D00D3 /* Pods-MoodAlarmS.debug.xcconfig */;
			buildSettings = {
				ASSETCATALOG_COMPILER_APPICON_NAME = AppIcon;
				CLANG_ENABLE_MODULES = YES;
				FRAMEWORK_SEARCH_PATHS = (
					"$(inherited)",
					"$(PROJECT_DIR)",
				);
				INFOPLIST_FILE = MoodAlarmS/Info.plist;
				LD_RUNPATH_SEARCH_PATHS = "$(inherited) @executable_path/Frameworks";
				PRODUCT_BUNDLE_IDENTIFIER = com.angelicabato.MoodAlarmS;
				PRODUCT_NAME = "$(TARGET_NAME)";
				SWIFT_OBJC_BRIDGING_HEADER = "MoodAlarmS/MoodAlarmS-Bridging-Header.h";
				SWIFT_OPTIMIZATION_LEVEL = "-Onone";
			};
			name = Debug;
		};
		BDEC2C5B1D2BF9D600043033 /* Release */ = {
			isa = XCBuildConfiguration;
			baseConfigurationReference = 7034CC1DF09E8B2410B2E458 /* Pods-MoodAlarmS.release.xcconfig */;
			buildSettings = {
				ASSETCATALOG_COMPILER_APPICON_NAME = AppIcon;
				CLANG_ENABLE_MODULES = YES;
				FRAMEWORK_SEARCH_PATHS = (
					"$(inherited)",
					"$(PROJECT_DIR)",
				);
				INFOPLIST_FILE = MoodAlarmS/Info.plist;
				LD_RUNPATH_SEARCH_PATHS = "$(inherited) @executable_path/Frameworks";
				PRODUCT_BUNDLE_IDENTIFIER = com.angelicabato.MoodAlarmS;
				PRODUCT_NAME = "$(TARGET_NAME)";
				SWIFT_OBJC_BRIDGING_HEADER = "MoodAlarmS/MoodAlarmS-Bridging-Header.h";
			};
			name = Release;
		};
/* End XCBuildConfiguration section */

/* Begin XCConfigurationList section */
		BDEC2C421D2BF9D500043033 /* Build configuration list for PBXProject "MoodAlarmS" */ = {
			isa = XCConfigurationList;
			buildConfigurations = (
				BDEC2C571D2BF9D600043033 /* Debug */,
				BDEC2C581D2BF9D600043033 /* Release */,
			);
			defaultConfigurationIsVisible = 0;
			defaultConfigurationName = Release;
		};
		BDEC2C591D2BF9D600043033 /* Build configuration list for PBXNativeTarget "MoodAlarmS" */ = {
			isa = XCConfigurationList;
			buildConfigurations = (
				BDEC2C5A1D2BF9D600043033 /* Debug */,
				BDEC2C5B1D2BF9D600043033 /* Release */,
			);
			defaultConfigurationIsVisible = 0;
			defaultConfigurationName = Release;
		};
/* End XCConfigurationList section */
	};
	rootObject = BDEC2C3F1D2BF9D500043033 /* Project object */;
}
